// !$*UTF8*$!
{
	archiveVersion = 1;
	classes = {
	};
	objectVersion = 50;
	objects = {

/* Begin PBXBuildFile section */
		B1A77D302784FEF2006BD38F /* Buisness.swift in Sources */ = {isa = PBXBuildFile; fileRef = B1A77D2F2784FEF2006BD38F /* Buisness.swift */; };
		B1A77D322785018D006BD38F /* BusinessSearch.swift in Sources */ = {isa = PBXBuildFile; fileRef = B1A77D312785018D006BD38F /* BusinessSearch.swift */; };
		B1A77D3427850425006BD38F /* Keys.swift in Sources */ = {isa = PBXBuildFile; fileRef = B1A77D3327850425006BD38F /* Keys.swift */; };
		B1A77D3927850843006BD38F /* HomeView.swift in Sources */ = {isa = PBXBuildFile; fileRef = B1A77D3827850843006BD38F /* HomeView.swift */; };
		B1A77D3C27850DA7006BD38F /* BusinessList.swift in Sources */ = {isa = PBXBuildFile; fileRef = B1A77D3B27850DA7006BD38F /* BusinessList.swift */; };
		B1A77D3E27851187006BD38F /* BusinessSectionHeader.swift in Sources */ = {isa = PBXBuildFile; fileRef = B1A77D3D27851187006BD38F /* BusinessSectionHeader.swift */; };
		B1AA42A82786581000482799 /* BusinessRow.swift in Sources */ = {isa = PBXBuildFile; fileRef = B1AA42A72786581000482799 /* BusinessRow.swift */; };
		B1AF366F2783CFF600F1CD9B /* CitySightsApp.swift in Sources */ = {isa = PBXBuildFile; fileRef = B1AF366E2783CFF600F1CD9B /* CitySightsApp.swift */; };
		B1AF36712783CFF600F1CD9B /* LaunchView.swift in Sources */ = {isa = PBXBuildFile; fileRef = B1AF36702783CFF600F1CD9B /* LaunchView.swift */; };
		B1AF36732783CFF800F1CD9B /* Assets.xcassets in Resources */ = {isa = PBXBuildFile; fileRef = B1AF36722783CFF800F1CD9B /* Assets.xcassets */; };
		B1AF36762783CFF800F1CD9B /* Preview Assets.xcassets in Resources */ = {isa = PBXBuildFile; fileRef = B1AF36752783CFF800F1CD9B /* Preview Assets.xcassets */; };
		B1AF36812783D1D100F1CD9B /* ContentModel.swift in Sources */ = {isa = PBXBuildFile; fileRef = B1AF36802783D1D100F1CD9B /* ContentModel.swift */; };
/* End PBXBuildFile section */

/* Begin PBXFileReference section */
		B1A77D2F2784FEF2006BD38F /* Buisness.swift */ = {isa = PBXFileReference; lastKnownFileType = sourcecode.swift; path = Buisness.swift; sourceTree = "<group>"; };
		B1A77D312785018D006BD38F /* BusinessSearch.swift */ = {isa = PBXFileReference; lastKnownFileType = sourcecode.swift; path = BusinessSearch.swift; sourceTree = "<group>"; };
		B1A77D3327850425006BD38F /* Keys.swift */ = {isa = PBXFileReference; lastKnownFileType = sourcecode.swift; path = Keys.swift; sourceTree = "<group>"; };
		B1A77D3827850843006BD38F /* HomeView.swift */ = {isa = PBXFileReference; lastKnownFileType = sourcecode.swift; path = HomeView.swift; sourceTree = "<group>"; };
		B1A77D3B27850DA7006BD38F /* BusinessList.swift */ = {isa = PBXFileReference; lastKnownFileType = sourcecode.swift; path = BusinessList.swift; sourceTree = "<group>"; };
		B1A77D3D27851187006BD38F /* BusinessSectionHeader.swift */ = {isa = PBXFileReference; lastKnownFileType = sourcecode.swift; path = BusinessSectionHeader.swift; sourceTree = "<group>"; };
		B1AA42A72786581000482799 /* BusinessRow.swift */ = {isa = PBXFileReference; lastKnownFileType = sourcecode.swift; path = BusinessRow.swift; sourceTree = "<group>"; };
		B1AF366B2783CFF600F1CD9B /* CitySightsApp.app */ = {isa = PBXFileReference; explicitFileType = wrapper.application; includeInIndex = 0; path = CitySightsApp.app; sourceTree = BUILT_PRODUCTS_DIR; };
		B1AF366E2783CFF600F1CD9B /* CitySightsApp.swift */ = {isa = PBXFileReference; lastKnownFileType = sourcecode.swift; path = CitySightsApp.swift; sourceTree = "<group>"; };
		B1AF36702783CFF600F1CD9B /* LaunchView.swift */ = {isa = PBXFileReference; lastKnownFileType = sourcecode.swift; path = LaunchView.swift; sourceTree = "<group>"; };
		B1AF36722783CFF800F1CD9B /* Assets.xcassets */ = {isa = PBXFileReference; lastKnownFileType = folder.assetcatalog; path = Assets.xcassets; sourceTree = "<group>"; };
		B1AF36752783CFF800F1CD9B /* Preview Assets.xcassets */ = {isa = PBXFileReference; lastKnownFileType = folder.assetcatalog; path = "Preview Assets.xcassets"; sourceTree = "<group>"; };
		B1AF36772783CFF800F1CD9B /* Info.plist */ = {isa = PBXFileReference; lastKnownFileType = text.plist.xml; path = Info.plist; sourceTree = "<group>"; };
		B1AF36802783D1D100F1CD9B /* ContentModel.swift */ = {isa = PBXFileReference; lastKnownFileType = sourcecode.swift; path = ContentModel.swift; sourceTree = "<group>"; };
/* End PBXFileReference section */

/* Begin PBXFrameworksBuildPhase section */
		B1AF36682783CFF600F1CD9B /* Frameworks */ = {
			isa = PBXFrameworksBuildPhase;
			buildActionMask = 2147483647;
			files = (
			);
			runOnlyForDeploymentPostprocessing = 0;
		};
/* End PBXFrameworksBuildPhase section */

/* Begin PBXGroup section */
		B1A77D352785081B006BD38F /* Onboarding */ = {
			isa = PBXGroup;
			children = (
			);
			path = Onboarding;
			sourceTree = "<group>";
		};
		B1A77D3627850820006BD38F /* Approved */ = {
			isa = PBXGroup;
			children = (
				B1A77D3827850843006BD38F /* HomeView.swift */,
				B1A77D3A27850D8F006BD38F /* List */,
			);
			path = Approved;
			sourceTree = "<group>";
		};
		B1A77D3727850826006BD38F /* Denied */ = {
			isa = PBXGroup;
			children = (
			);
			path = Denied;
			sourceTree = "<group>";
		};
		B1A77D3A27850D8F006BD38F /* List */ = {
			isa = PBXGroup;
			children = (
				B1A77D3B27850DA7006BD38F /* BusinessList.swift */,
				B1A77D3D27851187006BD38F /* BusinessSectionHeader.swift */,
				B1AA42A72786581000482799 /* BusinessRow.swift */,
			);
			path = List;
			sourceTree = "<group>";
		};
		B1AF36622783CFF600F1CD9B = {
			isa = PBXGroup;
			children = (
				B1AF366D2783CFF600F1CD9B /* CitySightsApp */,
				B1AF366C2783CFF600F1CD9B /* Products */,
			);
			sourceTree = "<group>";
		};
		B1AF366C2783CFF600F1CD9B /* Products */ = {
			isa = PBXGroup;
			children = (
				B1AF366B2783CFF600F1CD9B /* CitySightsApp.app */,
			);
			name = Products;
			sourceTree = "<group>";
		};
		B1AF366D2783CFF600F1CD9B /* CitySightsApp */ = {
			isa = PBXGroup;
			children = (
				B1A77D3327850425006BD38F /* Keys.swift */,
				B1AF367F2783D07000F1CD9B /* ViewModels */,
				B1AF367E2783D06700F1CD9B /* Views */,
				B1AF367D2783D06100F1CD9B /* Models */,
				B1AF366E2783CFF600F1CD9B /* CitySightsApp.swift */,
				B1AF36722783CFF800F1CD9B /* Assets.xcassets */,
				B1AF36772783CFF800F1CD9B /* Info.plist */,
				B1AF36742783CFF800F1CD9B /* Preview Content */,
			);
			path = CitySightsApp;
			sourceTree = "<group>";
		};
		B1AF36742783CFF800F1CD9B /* Preview Content */ = {
			isa = PBXGroup;
			children = (
				B1AF36752783CFF800F1CD9B /* Preview Assets.xcassets */,
			);
			path = "Preview Content";
			sourceTree = "<group>";
		};
		B1AF367D2783D06100F1CD9B /* Models */ = {
			isa = PBXGroup;
			children = (
				B1A77D2F2784FEF2006BD38F /* Buisness.swift */,
				B1A77D312785018D006BD38F /* BusinessSearch.swift */,
			);
			path = Models;
			sourceTree = "<group>";
		};
		B1AF367E2783D06700F1CD9B /* Views */ = {
			isa = PBXGroup;
			children = (
				B1A77D3727850826006BD38F /* Denied */,
				B1A77D3627850820006BD38F /* Approved */,
				B1A77D352785081B006BD38F /* Onboarding */,
				B1AF36702783CFF600F1CD9B /* LaunchView.swift */,
			);
			path = Views;
			sourceTree = "<group>";
		};
		B1AF367F2783D07000F1CD9B /* ViewModels */ = {
			isa = PBXGroup;
			children = (
				B1AF36802783D1D100F1CD9B /* ContentModel.swift */,
			);
			path = ViewModels;
			sourceTree = "<group>";
		};
/* End PBXGroup section */

/* Begin PBXNativeTarget section */
		B1AF366A2783CFF600F1CD9B /* CitySightsApp */ = {
			isa = PBXNativeTarget;
			buildConfigurationList = B1AF367A2783CFF800F1CD9B /* Build configuration list for PBXNativeTarget "CitySightsApp" */;
			buildPhases = (
				B1AF36672783CFF600F1CD9B /* Sources */,
				B1AF36682783CFF600F1CD9B /* Frameworks */,
				B1AF36692783CFF600F1CD9B /* Resources */,
			);
			buildRules = (
			);
			dependencies = (
			);
			name = CitySightsApp;
			productName = CitySightsApp;
			productReference = B1AF366B2783CFF600F1CD9B /* CitySightsApp.app */;
			productType = "com.apple.product-type.application";
		};
/* End PBXNativeTarget section */

/* Begin PBXProject section */
		B1AF36632783CFF600F1CD9B /* Project object */ = {
			isa = PBXProject;
			attributes = {
				LastSwiftUpdateCheck = 1250;
				LastUpgradeCheck = 1250;
				TargetAttributes = {
					B1AF366A2783CFF600F1CD9B = {
						CreatedOnToolsVersion = 12.5;
					};
				};
			};
			buildConfigurationList = B1AF36662783CFF600F1CD9B /* Build configuration list for PBXProject "CitySightsApp" */;
			compatibilityVersion = "Xcode 9.3";
			developmentRegion = en;
			hasScannedForEncodings = 0;
			knownRegions = (
				en,
				Base,
			);
			mainGroup = B1AF36622783CFF600F1CD9B;
			productRefGroup = B1AF366C2783CFF600F1CD9B /* Products */;
			projectDirPath = "";
			projectRoot = "";
			targets = (
				B1AF366A2783CFF600F1CD9B /* CitySightsApp */,
			);
		};
/* End PBXProject section */

/* Begin PBXResourcesBuildPhase section */
		B1AF36692783CFF600F1CD9B /* Resources */ = {
			isa = PBXResourcesBuildPhase;
			buildActionMask = 2147483647;
			files = (
				B1AF36762783CFF800F1CD9B /* Preview Assets.xcassets in Resources */,
				B1AF36732783CFF800F1CD9B /* Assets.xcassets in Resources */,
			);
			runOnlyForDeploymentPostprocessing = 0;
		};
/* End PBXResourcesBuildPhase section */

/* Begin PBXSourcesBuildPhase section */
		B1AF36672783CFF600F1CD9B /* Sources */ = {
			isa = PBXSourcesBuildPhase;
			buildActionMask = 2147483647;
			files = (
				B1AF36712783CFF600F1CD9B /* LaunchView.swift in Sources */,
				B1A77D3927850843006BD38F /* HomeView.swift in Sources */,
				B1A77D3427850425006BD38F /* Keys.swift in Sources */,
				B1A77D3E27851187006BD38F /* BusinessSectionHeader.swift in Sources */,
				B1A77D302784FEF2006BD38F /* Buisness.swift in Sources */,
				B1AF366F2783CFF600F1CD9B /* CitySightsApp.swift in Sources */,
				B1AA42A82786581000482799 /* BusinessRow.swift in Sources */,
				B1A77D3C27850DA7006BD38F /* BusinessList.swift in Sources */,
				B1A77D322785018D006BD38F /* BusinessSearch.swift in Sources */,
				B1AF36812783D1D100F1CD9B /* ContentModel.swift in Sources */,
			);
			runOnlyForDeploymentPostprocessing = 0;
		};
/* End PBXSourcesBuildPhase section */

/* Begin XCBuildConfiguration section */
		B1AF36782783CFF800F1CD9B /* Debug */ = {
			isa = XCBuildConfiguration;
			buildSettings = {
				ALWAYS_SEARCH_USER_PATHS = NO;
				CLANG_ANALYZER_NONNULL = YES;
				CLANG_ANALYZER_NUMBER_OBJECT_CONVERSION = YES_AGGRESSIVE;
				CLANG_CXX_LANGUAGE_STANDARD = "gnu++14";
				CLANG_CXX_LIBRARY = "libc++";
				CLANG_ENABLE_MODULES = YES;
				CLANG_ENABLE_OBJC_ARC = YES;
				CLANG_ENABLE_OBJC_WEAK = YES;
				CLANG_WARN_BLOCK_CAPTURE_AUTORELEASING = YES;
				CLANG_WARN_BOOL_CONVERSION = YES;
				CLANG_WARN_COMMA = YES;
				CLANG_WARN_CONSTANT_CONVERSION = YES;
				CLANG_WARN_DEPRECATED_OBJC_IMPLEMENTATIONS = YES;
				CLANG_WARN_DIRECT_OBJC_ISA_USAGE = YES_ERROR;
				CLANG_WARN_DOCUMENTATION_COMMENTS = YES;
				CLANG_WARN_EMPTY_BODY = YES;
				CLANG_WARN_ENUM_CONVERSION = YES;
				CLANG_WARN_INFINITE_RECURSION = YES;
				CLANG_WARN_INT_CONVERSION = YES;
				CLANG_WARN_NON_LITERAL_NULL_CONVERSION = YES;
				CLANG_WARN_OBJC_IMPLICIT_RETAIN_SELF = YES;
				CLANG_WARN_OBJC_LITERAL_CONVERSION = YES;
				CLANG_WARN_OBJC_ROOT_CLASS = YES_ERROR;
				CLANG_WARN_QUOTED_INCLUDE_IN_FRAMEWORK_HEADER = YES;
				CLANG_WARN_RANGE_LOOP_ANALYSIS = YES;
				CLANG_WARN_STRICT_PROTOTYPES = YES;
				CLANG_WARN_SUSPICIOUS_MOVE = YES;
				CLANG_WARN_UNGUARDED_AVAILABILITY = YES_AGGRESSIVE;
				CLANG_WARN_UNREACHABLE_CODE = YES;
				CLANG_WARN__DUPLICATE_METHOD_MATCH = YES;
				COPY_PHASE_STRIP = NO;
				DEBUG_INFORMATION_FORMAT = dwarf;
				ENABLE_STRICT_OBJC_MSGSEND = YES;
				ENABLE_TESTABILITY = YES;
				GCC_C_LANGUAGE_STANDARD = gnu11;
				GCC_DYNAMIC_NO_PIC = NO;
				GCC_NO_COMMON_BLOCKS = YES;
				GCC_OPTIMIZATION_LEVEL = 0;
				GCC_PREPROCESSOR_DEFINITIONS = (
					"DEBUG=1",
					"$(inherited)",
				);
				GCC_WARN_64_TO_32_BIT_CONVERSION = YES;
				GCC_WARN_ABOUT_RETURN_TYPE = YES_ERROR;
				GCC_WARN_UNDECLARED_SELECTOR = YES;
				GCC_WARN_UNINITIALIZED_AUTOS = YES_AGGRESSIVE;
				GCC_WARN_UNUSED_FUNCTION = YES;
				GCC_WARN_UNUSED_VARIABLE = YES;
				IPHONEOS_DEPLOYMENT_TARGET = 14.5;
				MTL_ENABLE_DEBUG_INFO = INCLUDE_SOURCE;
				MTL_FAST_MATH = YES;
				ONLY_ACTIVE_ARCH = YES;
				SDKROOT = iphoneos;
				SWIFT_ACTIVE_COMPILATION_CONDITIONS = DEBUG;
				SWIFT_OPTIMIZATION_LEVEL = "-Onone";
			};
			name = Debug;
		};
		B1AF36792783CFF800F1CD9B /* Release */ = {
			isa = XCBuildConfiguration;
			buildSettings = {
				ALWAYS_SEARCH_USER_PATHS = NO;
				CLANG_ANALYZER_NONNULL = YES;
				CLANG_ANALYZER_NUMBER_OBJECT_CONVERSION = YES_AGGRESSIVE;
				CLANG_CXX_LANGUAGE_STANDARD = "gnu++14";
				CLANG_CXX_LIBRARY = "libc++";
				CLANG_ENABLE_MODULES = YES;
				CLANG_ENABLE_OBJC_ARC = YES;
				CLANG_ENABLE_OBJC_WEAK = YES;
				CLANG_WARN_BLOCK_CAPTURE_AUTORELEASING = YES;
				CLANG_WARN_BOOL_CONVERSION = YES;
				CLANG_WARN_COMMA = YES;
				CLANG_WARN_CONSTANT_CONVERSION = YES;
				CLANG_WARN_DEPRECATED_OBJC_IMPLEMENTATIONS = YES;
				CLANG_WARN_DIRECT_OBJC_ISA_USAGE = YES_ERROR;
				CLANG_WARN_DOCUMENTATION_COMMENTS = YES;
				CLANG_WARN_EMPTY_BODY = YES;
				CLANG_WARN_ENUM_CONVERSION = YES;
				CLANG_WARN_INFINITE_RECURSION = YES;
				CLANG_WARN_INT_CONVERSION = YES;
				CLANG_WARN_NON_LITERAL_NULL_CONVERSION = YES;
				CLANG_WARN_OBJC_IMPLICIT_RETAIN_SELF = YES;
				CLANG_WARN_OBJC_LITERAL_CONVERSION = YES;
				CLANG_WARN_OBJC_ROOT_CLASS = YES_ERROR;
				CLANG_WARN_QUOTED_INCLUDE_IN_FRAMEWORK_HEADER = YES;
				CLANG_WARN_RANGE_LOOP_ANALYSIS = YES;
				CLANG_WARN_STRICT_PROTOTYPES = YES;
				CLANG_WARN_SUSPICIOUS_MOVE = YES;
				CLANG_WARN_UNGUARDED_AVAILABILITY = YES_AGGRESSIVE;
				CLANG_WARN_UNREACHABLE_CODE = YES;
				CLANG_WARN__DUPLICATE_METHOD_MATCH = YES;
				COPY_PHASE_STRIP = NO;
				DEBUG_INFORMATION_FORMAT = "dwarf-with-dsym";
				ENABLE_NS_ASSERTIONS = NO;
				ENABLE_STRICT_OBJC_MSGSEND = YES;
				GCC_C_LANGUAGE_STANDARD = gnu11;
				GCC_NO_COMMON_BLOCKS = YES;
				GCC_WARN_64_TO_32_BIT_CONVERSION = YES;
				GCC_WARN_ABOUT_RETURN_TYPE = YES_ERROR;
				GCC_WARN_UNDECLARED_SELECTOR = YES;
				GCC_WARN_UNINITIALIZED_AUTOS = YES_AGGRESSIVE;
				GCC_WARN_UNUSED_FUNCTION = YES;
				GCC_WARN_UNUSED_VARIABLE = YES;
				IPHONEOS_DEPLOYMENT_TARGET = 14.5;
				MTL_ENABLE_DEBUG_INFO = NO;
				MTL_FAST_MATH = YES;
				SDKROOT = iphoneos;
				SWIFT_COMPILATION_MODE = wholemodule;
				SWIFT_OPTIMIZATION_LEVEL = "-O";
				VALIDATE_PRODUCT = YES;
			};
			name = Release;
		};
		B1AF367B2783CFF800F1CD9B /* Debug */ = {
			isa = XCBuildConfiguration;
			buildSettings = {
				ASSETCATALOG_COMPILER_APPICON_NAME = AppIcon;
				ASSETCATALOG_COMPILER_GLOBAL_ACCENT_COLOR_NAME = AccentColor;
				CODE_SIGN_STYLE = Automatic;
				DEVELOPMENT_ASSET_PATHS = "\"CitySightsApp/Preview Content\"";
				DEVELOPMENT_TEAM = ACRAVGQSGU;
				ENABLE_PREVIEWS = YES;
				INFOPLIST_FILE = CitySightsApp/Info.plist;
				IPHONEOS_DEPLOYMENT_TARGET = 14.0;
				LD_RUNPATH_SEARCH_PATHS = (
					"$(inherited)",
					"@executable_path/Frameworks",
				);
				PRODUCT_BUNDLE_IDENTIFIER = BAAG.CitySightsApp;
				PRODUCT_NAME = "$(TARGET_NAME)";
				SWIFT_VERSION = 5.0;
				TARGETED_DEVICE_FAMILY = "1,2";
			};
			name = Debug;
		};
		B1AF367C2783CFF800F1CD9B /* Release */ = {
			isa = XCBuildConfiguration;
			buildSettings = {
				ASSETCATALOG_COMPILER_APPICON_NAME = AppIcon;
				ASSETCATALOG_COMPILER_GLOBAL_ACCENT_COLOR_NAME = AccentColor;
				CODE_SIGN_STYLE = Automatic;
				DEVELOPMENT_ASSET_PATHS = "\"CitySightsApp/Preview Content\"";
				DEVELOPMENT_TEAM = ACRAVGQSGU;
				ENABLE_PREVIEWS = YES;
				INFOPLIST_FILE = CitySightsApp/Info.plist;
				IPHONEOS_DEPLOYMENT_TARGET = 14.0;
				LD_RUNPATH_SEARCH_PATHS = (
					"$(inherited)",
					"@executable_path/Frameworks",
				);
				PRODUCT_BUNDLE_IDENTIFIER = BAAG.CitySightsApp;
				PRODUCT_NAME = "$(TARGET_NAME)";
				SWIFT_VERSION = 5.0;
				TARGETED_DEVICE_FAMILY = "1,2";
			};
			name = Release;
		};
/* End XCBuildConfiguration section */

/* Begin XCConfigurationList section */
		B1AF36662783CFF600F1CD9B /* Build configuration list for PBXProject "CitySightsApp" */ = {
			isa = XCConfigurationList;
			buildConfigurations = (
				B1AF36782783CFF800F1CD9B /* Debug */,
				B1AF36792783CFF800F1CD9B /* Release */,
			);
			defaultConfigurationIsVisible = 0;
			defaultConfigurationName = Release;
		};
		B1AF367A2783CFF800F1CD9B /* Build configuration list for PBXNativeTarget "CitySightsApp" */ = {
			isa = XCConfigurationList;
			buildConfigurations = (
				B1AF367B2783CFF800F1CD9B /* Debug */,
				B1AF367C2783CFF800F1CD9B /* Release */,
			);
			defaultConfigurationIsVisible = 0;
			defaultConfigurationName = Release;
		};
/* End XCConfigurationList section */
	};
	rootObject = B1AF36632783CFF600F1CD9B /* Project object */;
}
